version = 1
revision = 3
requires-python = ">=3.13"

[[package]]
name = "click"
version = "8.1.7"
source = { registry = "https://pypi.org/simple" }
dependencies = [
    { name = "colorama", marker = "sys_platform == 'win32'" },
]
sdist = { url = "https://files.pythonhosted.org/packages/96/d3/f04c7bfcf5c1862a2a5b845c6b2b360488cf47af55dfa79c98f6a6bf98b5/click-8.1.7.tar.gz", hash = "sha256:ca9853ad459e787e2192211578cc907e7594e294c7ccc834310722b41b9ca6de", size = 336121, upload-time = "2023-08-17T17:29:11.868Z" }
wheels = [
    { url = "https://files.pythonhosted.org/packages/00/2e/d53fa4befbf2cfa713304affc7ca780ce4fc1fd8710527771b58311a3229/click-8.1.7-py3-none-any.whl", hash = "sha256:ae74fb96c20a0277a1d615f1e4d73c8414f5a98db8b799a7931d1582f3390c28", size = 97941, upload-time = "2023-08-17T17:29:10.08Z" },
]

[[package]]
name = "colorama"
version = "0.4.6"
source = { registry = "https://pypi.org/simple" }
sdist = { url = "https://files.pythonhosted.org/packages/d8/53/6f443c9a4a8358a93a6792e2acffb9d9d5cb0a5cfd8802644b7b1c9a02e4/colorama-0.4.6.tar.gz", hash = "sha256:08695f5cb7ed6e0531a20572697297273c47b8cae5a63ffc6d6ed5c201be6e44", size = 27697, upload-time = "2022-10-25T02:36:22.414Z" }
wheels = [
    { url = "https://files.pythonhosted.org/packages/d1/d6/3965ed04c63042e047cb6a3e6ed1a63a35087b6a609aa3a15ed8ac56c221/colorama-0.4.6-py2.py3-none-any.whl", hash = "sha256:4f1d9991f5acc0ca119f9d443620b77f9d6b33703e51011c16baf57afb285fc6", size = 25335, upload-time = "2022-10-25T02:36:20.889Z" },
]

[[package]]
name = "hypothesis"
version = "6.165.5"
source = { registry = "https://pypi.org/simple" }
dependencies = [
    { name = "sortedcontainers" },
]
sdist = { url = "https://files.pythonhosted.org/packages/7a/3a/b840ea8b26e0c4795584dc93c832c5d1a9ff37db1818cc91b2ee8110f757/hypothesis-6.165.5.tar.gz", hash = "sha256:0df7fdefd2e10bbfe7d690eb22c7181a739e8040026907207faa305d86e6e4db", size = 503056, upload-time = "2026-08-12T22:34:58.164Z" }
wheels = [
    { url = "https://files.pythonhosted.org/packages/7e/46/fba332db906bb26f3c27285d17f5210bee54c3d7e1545e4d1bcae08ec437/hypothesis-6.165.5-cp310-abi3-macosx_10_12_x86_64.whl", hash = "sha256:e9ee79ccf2de7b185821ed8364eccfea7300b52b30a8c626f6b7213f3b38e5d5", size = 782500, upload-time = "2026-08-12T22:33:48.567Z" },
    { url = "https://files.pythonhosted.org/packages/cd/68/f3cd7814a571ecf58c97a40686c97814c9f6be95dd258d9144d909f0900e/hypothesis-6.165.5-cp310-abi3-macosx_11_0_arm64.whl", hash = "sha256:b732ea0c758e9c587eea8bb89ea27c985cb7609304e484ff8e5ffdb890f56ae5", size = 778047, upload-time = "2026-08-12T22:33:44.541Z" },
    { url = "https://files.pythonhosted.org/packages/85/a4/e0825ff8e353bf92b77f9b990c3e0e1160a0f2953feb95647cf2ced0b1a0/hypothesis-6.165.5-cp310-abi3-manylinux_2_17_aarch64.manylinux2014_aarch64.whl", hash = "sha256:edb08b192ea64a75e82dcc0b49e515f9ca86e4523c678bf8035c993f3bf7323f", size = 1107271, upload-time = "2026-08-12T22:33:31.315Z" },
    { url = "https://files.pythonhosted.org/packages/63/85/1005fece1e0f59f8974c2e4be3fae1d0436a77b9fbee9a6203d7b250536d/hypothesis-6.165.5-cp310-abi3-manylinux_2_17_armv7l.manylinux2014_armv7l.whl", hash = "sha256:eb74178189e0a8451e0b7cde4a236f4c8bee848ce01d42df968623ac11a4671a", size = 1135836, upload-time = "2026-08-12T22:34:06.044Z" },
    { url = "https://files.pythonhosted.org/packages/8d/8a/6f51cf111f590b883f5fcdb21b54345beeab516ad9c07d4256b731d66ef4/hypothesis-6.165.5-cp310-abi3-manylinux_2_17_x86_64.manylinux2014_x86_64.whl", hash = "sha256:a970cfb945f31b3115b013ede9fe3f0d68b37ff5b86499cc44ccec3d3fe1eeaa", size = 1156825, upload-time = "2026-08-12T22:34:28.263Z" },
    { url = "https://files.pythonhosted.org/packages/4c/7e/fbf54b49173d118681576259acdec61e045b825d516ca1fd5155f7a14ac1/hypothesis-6.165.5-cp310-abi3-manylinux_2_31_riscv64.whl", hash = "sha256:569a7cd8b737019420a5530584ee28fba9dfa3ed877621764a2627f804e983c6", size = 1112117, upload-time = "2026-08-12T22:34:13.239Z" },
    { url = "https://files.pythonhosted.org/packages/d2/95/98bd41c67215950f73f8df711b7d13e40f0fad21c1ff61271b676abc4e19/hypothesis-6.165.5-cp310-abi3-manylinux_2_5_i686.manylinux1_i686.whl", hash = "sha256:61f30a43dc377ba94885e1990be785434686d76a8f37605336dd697c696dad4c", size = 1148864, upload-time = "2026-08-12T22:34:22.427Z" },
    { url = "https://files.pythonhosted.org/packages/0b/07/9dac0e757abc9dd0500b173adbfe018b1742af5ab35c46169cea290bbf65/hypothesis-6.165.5-cp310-abi3-musllinux_1_2_aarch64.whl", hash = "sha256:6a25168ab05d52a084e216f8f033472a8bd18167e0e8fc25a8774722db884be2", size = 1282719, upload-time = "2026-08-12T22:33:55.326Z" },
    { url = "https://files.pythonhosted.org/packages/62/9a/0dcce83dfa414427c2632be45a2338edb5b80e2b9b1c7d88c70c2478c90d/hypothesis-6.165.5-cp310-abi3-musllinux_1_2_armv7l.whl", hash = "sha256:6984a5b7e62b19ddd78643d954dfa90ec8dabbdac4df43a4e63f60fa06514eb2", size = 1409219, upload-time = "2026-08-12T22:33:39.521Z" },
    { url = "https://files.pythonhosted.org/packages/31/8f/82ed9fe9dae7cb79714c5de9cbccd5c4847348971e4ee61c5ad2013417d9/hypothesis-6.165.5-cp310-abi3-musllinux_1_2_riscv64.whl", hash = "sha256:77b57c6c5154357955d724a5ba198aa421f1273a9f88a6ae24d23a1c6d1c91b8", size = 1281995, upload-time = "2026-08-12T22:34:38.42Z" },
    { url = "https://files.pythonhosted.org/packages/b9/4b/06ca1631cce0a9a9806ef15535b9502967751a066dfd620876ff4b8e1eaf/hypothesis-6.165.5-cp310-abi3-musllinux_1_2_x86_64.whl", hash = "sha256:d77557a13f3cfbabc9b96909fc985563e474627208d981689e4925dc4708722f", size = 1324044, upload-time = "2026-08-12T22:33:57.817Z" },
    { url = "https://files.pythonhosted.org/packages/b0/d7/ac8ae1cf829faa5204a743db0e06880ff71bdd105927592b504e34368391/hypothesis-6.165.5-cp310-abi3-win32.whl", hash = "sha256:7c5fd96d54f63fca065cbc21579be0e9b75190af48ff77d5cb759111fe5edae0", size = 668283, upload-time = "2026-08-12T22:33:32.83Z" },
    { url = "https://files.pythonhosted.org/packages/1c/62/77acaaea919da21dbf9e76b78a87f9ac66fb44dc2e95afce07dad6da1185/hypothesis-6.165.5-cp310-abi3-win_amd64.whl", hash = "sha256:bcc3f34121b046e6091b35901b77e24dd1c674fc234b6e09b102e5efb03afa11", size = 674433, upload-time = "2026-08-12T22:34:47.75Z" },
    { url = "https://files.pythonhosted.org/packages/f1/af/2c3357cda375d8ba1276dec4d0a7b51404f86cc6855f1541b424cf99d5f7/hypothesis-6.165.5-cp313-cp313-macosx_10_12_x86_64.whl", hash = "sha256:55b907b33ece350a8b69890a7f09b22b6a93761a8724c3ed12a9cd71b2a03eb1", size = 783966, upload-time = "2026-08-12T22:34:40.078Z" },
    { url = "https://files.pythonhosted.org/packages/0b/64/71cbfa9e741a0d657570af6b42f5f81ca795fdd0bddca44bc89309b46e16/hypothesis-6.165.5-cp313-cp313-macosx_11_0_arm64.whl", hash = "sha256:2cf1a6b2ccaf36e0a2b1f95515edec4db6db14a4e7afd9c36ff477552ffc0f11", size = 775594, upload-time = "2026-08-12T22:34:00.589Z" },
    { url = "https://files.pythonhosted.org/packages/ac/1f/ccb8f0034c8e17f488bc60d74ac21ac0e8945f507ed0b6e8634b67da925e/hypothesis-6.165.5-cp313-cp313-manylinux_2_17_aarch64.manylinux2014_aarch64.whl", hash = "sha256:5faa41aca389826d21f311ae5e59b36eb8bb38933a88bc07ad08bd868af6daae", size = 1106007, upload-time = "2026-08-12T22:34:25.431Z" },
    { url = "https://files.pythonhosted.org/packages/13/9d/64f7f7e1398fb04286816b9770138a35d730f008ac45b44b6425dcc0dd61/hypothesis-6.165.5-cp313-cp313-manylinux_2_17_x86_64.manylinux2014_x86_64.whl", hash = "sha256:a194f401e5d0345ef459f5aa80a50676a64e146c4f57474d70f7ccbe11c886c7", size = 1155990, upload-time = "2026-08-12T22:33:37.139Z" },
    { url = "https://files.pythonhosted.org/packages/21/e9/4bc808417bac59e9c154cbfb38705613adba4f1f37a815607211ab9ee0ab/hypothesis-6.165.5-cp313-cp313-musllinux_1_2_aarch64.whl", hash = "sha256:dd2acd36004b990504125c4e679cf98addf3ca2ce873b38a52f71c66716cc7a6", size = 1280030, upload-time = "2026-08-12T22:34:53.359Z" },
    { url = "https://files.pythonhosted.org/packages/7b/ff/dd0de28497f64ca01c059e32eca7e06a69c39f50ab614969ae636b7ceb3f/hypothesis-6.165.5-cp313-cp313-musllinux_1_2_x86_64.whl", hash = "sha256:709d61590c8cd627479fb4255e085239b91b29a4d386e83f910c5117cfe5b25b", size = 1323111, upload-time = "2026-08-12T22:33:41.959Z" },
    { url = "https://files.pythonhosted.org/packages/45/45/756e1050f26041f6c3aeae2b7e41b10160b2560de0ec46fd3341f6a3cb52/hypothesis-6.165.5-cp313-cp313-win_amd64.whl", hash = "sha256:de4b6d24a0e6adfdd99b2ee1f8d9f43e6ba6146b3860a643e8bce6b41fcebdc6", size = 671569, upload-time = "2026-08-12T22:34:33.938Z" },
    { url = "https://files.pythonhosted.org/packages/63/5e/e4178b39d5e7307d3658ec54733f3b7d953df12a38681b91ab1929b740cb/hypothesis-6.165.5-cp314-cp314-macosx_10_12_x86_64.whl", hash = "sha256:6f877ace8cb1bc0af9e3c83bf2a63f0a29f54f99ec813d1ecc9c3224b514c036", size = 784066, upload-time = "2026-08-12T22:34:42.97Z" },
    { url = "https://files.pythonhosted.org/packages/7b/f1/9c338484238ef0169f77ae7fdd28e34d1dacc0501f003cf7b0009f1f1f58/hypothesis-6.165.5-cp314-cp314-macosx_11_0_arm64.whl", hash = "sha256:f9d0b87ba2fa7ae53c09650e07cb74a117b383d7ab4839415341ac802596d1e5", size = 775741, upload-time = "2026-08-12T22:34:31.002Z" },
    { url = "https://files.pythonhosted.org/packages/a8/79/4502ccc73f5dbaa29c9cc1f33af0337aa28cc03c86ae289530bb70c0fc73/hypothesis-6.165.5-cp314-cp314-manylinux_2_17_aarch64.manylinux2014_aarch64.whl", hash = "sha256:842481f603ef919c2594784bfbaa600916250a35e9d54cc4260e27d415eacc0a", size = 1106541, upload-time = "2026-08-12T22:34:24.067Z" },
    { url = "https://files.pythonhosted.org/packages/b8/e9/10575fe56720cc6be25f7bc8cef708ee1b6e6669ca0b7fd16f7dbf460190/hypothesis-6.165.5-cp314-cp314-manylinux_2_17_x86_64.manylinux2014_x86_64.whl", hash = "sha256:c1ecee1a9241db6c2d51ebbe58aa2575364f4fa21583f5d22ac2a8885bbe9490", size = 1156172, upload-time = "2026-08-12T22:33:35.018Z" },
    { url = "https://files.pythonhosted.org/packages/c1/3e/b89e390f580d55b2d65bf726d7602a80f7725cc414bd60526bed0caf507b/hypothesis-6.165.5-cp314-cp314-musllinux_1_2_aarch64.whl", hash = "sha256:c108e99e4029318ed85ec5c39f5687c36604606394de3ff4da6e42356a2cceff", size = 1280392, upload-time = "2026-08-12T22:34:18.877Z" },
    { url = "https://files.pythonhosted.org/packages/9a/81/b33b5c0aedf35c298011748c679d652839a86b55ea616ca7561b85ac233f/hypothesis-6.165.5-cp314-cp314-musllinux_1_2_x86_64.whl", hash = "sha256:a811fe1f763e725692fa730c8b27ee3909f652f9c885dd89ee06f2583fd80944", size = 1323482, upload-time = "2026-08-12T22:34:49.696Z" },
    { url = "https://files.pythonhosted.org/packages/f2/8f/0361d9fce27af669ae936f535ad8275c35736cccf7d9ed66275f3eca874d/hypothesis-6.165.5-cp314-cp314-pyemscripten_2026_0_wasm32.whl", hash = "sha256:38353c9aaf946f76fd2d7d5e59c1564eac93ad362e98c7d6ffa705aa0e38974d", size = 615638, upload-time = "2026-08-12T22:34:54.979Z" },
    { url = "https://files.pythonhosted.org/packages/2d/fa/f49d197e125db4dd6725f248a838c1a8230e50d91889237fbf21705b6d45/hypothesis-6.165.5-cp314-cp314-win_amd64.whl", hash = "sha256:377af80792d187cc222bb2666e979c7e559ebb0f1b312c5376d7216f9c91bbf1", size = 671380, upload-time = "2026-08-12T22:33:36.096Z" },
    { url = "https://files.pythonhosted.org/packages/28/90/f939079a65499cad6352f566c3c632da5292f80e2253a72cc9bf6684d4bb/hypothesis-6.165.5-cp314-cp314t-macosx_10_12_x86_64.whl", hash = "sha256:e2c423f947be24a7a7324962bf4984bc2231d61c01a4ce4d794e5c7e72b918f3", size = 782526, upload-time = "2026-08-12T22:33:33.895Z" },
    { url = "https://files.pythonhosted.org/packages/51/55/8afa60314542179289b2ef7eb6623cc8d9a6405488d2f3266e7610e003d4/hypothesis-6.165.5-cp314-cp314t-macosx_11_0_arm64.whl", hash = "sha256:05e7e8288b2f5fbb34a30b45c9df72a5ce9da0d5ce90705c76b28dda75aac984", size = 774157, upload-time = "2026-08-12T22:33:56.544Z" },
    { url = "https://files.pythonhosted.org/packages/6b/83/93ba4b711c0bfa5a2acc200d60f6fb3c947ea1a4b7f6ef0dacc02ac90de0/hypothesis-6.165.5-cp314-cp314t-manylinux_2_17_aarch64.manylinux2014_aarch64.whl", hash = "sha256:3837b9e586a78f961aa7c0eedb979fa1cf3dcc8302103ac1e75c2520e943555f", size = 1104748, upload-time = "2026-08-12T22:33:46.901Z" },
    { url = "https://files.pythonhosted.org/packages/57/b9/c0b04ab66762526855fc97c18ecafe038fb1b428f48b2234e3c17b75b4ad/hypothesis-6.165.5-cp314-cp314t-manylinux_2_17_x86_64.manylinux2014_x86_64.whl", hash = "sha256:eb8fac650e976dfe4d48682f902224a70e2e64ec0716a8822818fa958b456053", size = 1154827, upload-time = "2026-08-12T22:34:17.53Z" },
    { url = "https://files.pythonhosted.org/packages/4c/9b/9368493ef62fba5a3ae8b09164466c3ad166b329ae2df01c897dfc3f3790/hypothesis-6.165.5-cp314-cp314t-musllinux_1_2_aarch64.whl", hash = "sha256:0a5004c3fe761b642ca556abf4551bc9a94d190320bcf7ce118cf8b792eaf71c", size = 1278417, upload-time = "2026-08-12T22:34:16.196Z" },
    { url = "https://files.pythonhosted.org/packages/6f/21/5eef54851cb51f47ebe123312c4c737934cb6469f6af38bd6e052037f89c/hypothesis-6.165.5-cp314-cp314t-musllinux_1_2_x86_64.whl", hash = "sha256:df05b18c2dcb1701532044d4d119cecc08b7d91fcf72e78a17b03257053cc6e9", size = 1322104, upload-time = "2026-08-12T22:33:38.255Z" },
    { url = "https://files.pythonhosted.org/packages/9e/4e/9ed7f0b7c6b0a5d0d6aa0e0a5c05420db8ce21de6c96ce17139c0dbd8d2c/hypothesis-6.165.5-cp314-cp314t-win_amd64.whl", hash = "sha256:56f3a5b0b21695cdc6c8ccb7cf8da63f5822de4691cf23b9d95b5931b042af00", size = 671372, upload-time = "2026-08-12T22:34:46.023Z" },
]

[[package]]
name = "iniconfig"
version = "2.1.0"
source = { registry = "https://pypi.org/simple" }
sdist = { url = "https://files.pythonhosted.org/packages/f2/97/ebf4da567aa6827c909642694d71c9fcf53e5b504f2d96afea02718862f3/iniconfig-2.1.0.tar.gz", hash = "sha256:3abbd2e30b36733fee78f9c7f7308f2d0050e88f0087fd25c2645f63c773e1c7", size = 4793, upload-time = "2025-03-19T20:09:59.721Z" }
wheels = [
    { url = "https://files.pythonhosted.org/packages/2c/e1/e6716421ea10d38022b952c159d5161ca1193197fb744506875fbb87ea7b/iniconfig-2.1.0-py3-none-any.whl", hash = "sha256:9deba5723312380e77435581c6bf4935c94cbfab9b1ed33ef8d238ea168eb760", size = 6050, upload-time = "2025-03-19T20:10:01.071Z" },
]

[[package]]
name = "jpamb"
version = "0.3.0"
source = { editable = "." }
dependencies = [
    { name = "click" },
    { name = "loguru" },
    { name = "pyyaml" },
    { name = "runit" },
]

[package.optional-dependencies]
stats = [
    { name = "numpy" },
    { name = "pandas" },
    { name = "plotly" },
]

[package.dev-dependencies]
dev = [
    { name = "hypothesis" },
    { name = "pytest" },
]

[package.metadata]
requires-dist = [
    { name = "click", specifier = "==8.1.*" },
    { name = "loguru", specifier = "==0.7.*" },
    { name = "numpy", marker = "extra == 'stats'", specifier = "==2.1.1" },
    { name = "pandas", marker = "extra == 'stats'", specifier = "==2.2.2" },
    { name = "plotly", marker = "extra == 'stats'", specifier = "==5.24.0" },
    { name = "pyyaml", specifier = "==6.0.*" },
    { name = "runit", git = "https://github.com/kalhauge/runit.git" },
]
provides-extras = ["stats"]

[package.metadata.requires-dev]
dev = [
    { name = "hypothesis", specifier = ">=6.165.5" },
    { name = "pytest", specifier = ">=8.3.4" },
]

[[package]]
name = "loguru"
version = "0.7.2"
source = { registry = "https://pypi.org/simple" }
dependencies = [
    { name = "colorama", marker = "sys_platform == 'win32'" },
    { name = "win32-setctime", marker = "sys_platform == 'win32'" },
]
sdist = { url = "https://files.pythonhosted.org/packages/9e/30/d87a423766b24db416a46e9335b9602b054a72b96a88a241f2b09b560fa8/loguru-0.7.2.tar.gz", hash = "sha256:e671a53522515f34fd406340ee968cb9ecafbc4b36c679da03c18fd8d0bd51ac", size = 145103, upload-time = "2023-09-11T15:24:37.926Z" }
wheels = [
    { url = "https://files.pythonhosted.org/packages/03/0a/4f6fed21aa246c6b49b561ca55facacc2a44b87d65b8b92362a8e99ba202/loguru-0.7.2-py3-none-any.whl", hash = "sha256:003d71e3d3ed35f0f8984898359d65b79e5b21943f78af86aa5491210429b8eb", size = 62549, upload-time = "2023-09-11T15:24:35.016Z" },
]

[[package]]
name = "numpy"
version = "2.1.1"
source = { registry = "https://pypi.org/simple" }
sdist = { url = "https://files.pythonhosted.org/packages/59/5f/9003bb3e632f2b58f5e3a3378902dcc73c5518070736c6740fe52454e8e1/numpy-2.1.1.tar.gz", hash = "sha256:d0cf7d55b1051387807405b3898efafa862997b4cba8aa5dbe657be794afeafd", size = 18874860, upload-time = "2024-09-03T15:27:41.714Z" }
wheels = [
    { url = "https://files.pythonhosted.org/packages/6b/9e/8bc6f133bc6d359ccc9ec051853aded45504d217685191f31f46d36b7065/numpy-2.1.1-cp313-cp313-macosx_10_13_x86_64.whl", hash = "sha256:046356b19d7ad1890c751b99acad5e82dc4a02232013bd9a9a712fddf8eb60f5", size = 20834810, upload-time = "2024-09-03T15:11:09.564Z" },
    { url = "https://files.pythonhosted.org/packages/32/1b/429519a2fa28681814c511574017d35f3aab7136d554cc65f4c1526dfbf5/numpy-2.1.1-cp313-cp313-macosx_11_0_arm64.whl", hash = "sha256:6e5a9cb2be39350ae6c8f79410744e80154df658d5bea06e06e0ac5bb75480d5", size = 13507739, upload-time = "2024-09-03T15:11:30.315Z" },
    { url = "https://files.pythonhosted.org/packages/25/18/c732d7dd9896d11e4afcd487ac65e62f9fa0495563b7614eb850765361fa/numpy-2.1.1-cp313-cp313-macosx_14_0_arm64.whl", hash = "sha256:d4c57b68c8ef5e1ebf47238e99bf27657511ec3f071c465f6b1bccbef12d4136", size = 5074465, upload-time = "2024-09-03T15:11:40.843Z" },
    { url = "https://files.pythonhosted.org/packages/3e/37/838b7ae9262c370ab25312bab365492016f11810ffc03ebebbd54670b669/numpy-2.1.1-cp313-cp313-macosx_14_0_x86_64.whl", hash = "sha256:8ae0fd135e0b157365ac7cc31fff27f07a5572bdfc38f9c2d43b2aff416cc8b0", size = 6606418, upload-time = "2024-09-03T15:11:51.659Z" },
    { url = "https://files.pythonhosted.org/packages/8b/b9/7ff3bfb71e316a5b43a124c4b7a5881ab12f3c32636014bef1f757f19dbd/numpy-2.1.1-cp313-cp313-manylinux_2_17_aarch64.manylinux2014_aarch64.whl", hash = "sha256:981707f6b31b59c0c24bcda52e5605f9701cb46da4b86c2e8023656ad3e833cb", size = 13692464, upload-time = "2024-09-03T15:12:11.783Z" },
    { url = "https://files.pythonhosted.org/packages/42/78/75bcf16e6737cd196ff7ecf0e1fd3f953293a34dff4fd93fb488e8308536/numpy-2.1.1-cp313-cp313-manylinux_2_17_x86_64.manylinux2014_x86_64.whl", hash = "sha256:2ca4b53e1e0b279142113b8c5eb7d7a877e967c306edc34f3b58e9be12fda8df", size = 16037763, upload-time = "2024-09-03T15:12:36.792Z" },
    { url = "https://files.pythonhosted.org/packages/23/99/36bf5ffe034d06df307bc783e25cf164775863166dcd878879559fe0379f/numpy-2.1.1-cp313-cp313-musllinux_1_1_x86_64.whl", hash = "sha256:e097507396c0be4e547ff15b13dc3866f45f3680f789c1a1301b07dadd3fbc78", size = 16410374, upload-time = "2024-09-03T15:13:01.621Z" },
    { url = "https://files.pythonhosted.org/packages/7f/16/04c5dab564887d4cd31a9ed30e51467fa70d52a4425f5a9bd1eed5b3d34c/numpy-2.1.1-cp313-cp313-musllinux_1_2_aarch64.whl", hash = "sha256:f7506387e191fe8cdb267f912469a3cccc538ab108471291636a96a54e599556", size = 14169873, upload-time = "2024-09-03T15:13:23.569Z" },
    { url = "https://files.pythonhosted.org/packages/09/e0/d1b5adbf1731886c4186c59a9fa208585df9452a43a2b60e79af7c649717/numpy-2.1.1-cp313-cp313-win32.whl", hash = "sha256:251105b7c42abe40e3a689881e1793370cc9724ad50d64b30b358bbb3a97553b", size = 6234118, upload-time = "2024-09-03T15:16:18.66Z" },
    { url = "https://files.pythonhosted.org/packages/d0/9c/2391ee6e9ebe77232ddcab29d92662b545e99d78c3eb3b4e26d59b9ca1ca/numpy-2.1.1-cp313-cp313-win_amd64.whl", hash = "sha256:f212d4f46b67ff604d11fff7cc62d36b3e8714edf68e44e9760e19be38c03eb0", size = 12561742, upload-time = "2024-09-03T15:16:37.249Z" },
    { url = "https://files.pythonhosted.org/packages/38/0e/c4f754f9e73f9bb520e8bf418c646f2c4f70c5d5f2bc561e90f884593193/numpy-2.1.1-cp313-cp313t-macosx_10_13_x86_64.whl", hash = "sha256:920b0911bb2e4414c50e55bd658baeb78281a47feeb064ab40c2b66ecba85553", size = 20858403, upload-time = "2024-09-03T15:13:53.973Z" },
    { url = "https://files.pythonhosted.org/packages/32/fc/d69092b9171efa0cb8079577e71ce0cac0e08f917d33f6e99c916ed51d44/numpy-2.1.1-cp313-cp313t-macosx_11_0_arm64.whl", hash = "sha256:bab7c09454460a487e631ffc0c42057e3d8f2a9ddccd1e60c7bb8ed774992480", size = 13519851, upload-time = "2024-09-03T15:14:15.559Z" },
    { url = "https://files.pythonhosted.org/packages/14/2a/d7cf2cd9f15b23f623075546ea64a2c367cab703338ca22aaaecf7e704df/numpy-2.1.1-cp313-cp313t-macosx_14_0_arm64.whl", hash = "sha256:cea427d1350f3fd0d2818ce7350095c1a2ee33e30961d2f0fef48576ddbbe90f", size = 5115444, upload-time = "2024-09-03T15:14:24.877Z" },
    { url = "https://files.pythonhosted.org/packages/8e/00/e87b2cb4afcecca3b678deefb8fa53005d7054f3b5c39596e5554e5d98f8/numpy-2.1.1-cp313-cp313t-macosx_14_0_x86_64.whl", hash = "sha256:e30356d530528a42eeba51420ae8bf6c6c09559051887196599d96ee5f536468", size = 6628903, upload-time = "2024-09-03T15:14:36.079Z" },
    { url = "https://files.pythonhosted.org/packages/ab/9d/337ae8721b3beec48c3413d71f2d44b2defbf3c6f7a85184fc18b7b61f4a/numpy-2.1.1-cp313-cp313t-manylinux_2_17_aarch64.manylinux2014_aarch64.whl", hash = "sha256:e8dfa9e94fc127c40979c3eacbae1e61fda4fe71d84869cc129e2721973231ef", size = 13665945, upload-time = "2024-09-03T15:14:56.103Z" },
    { url = "https://files.pythonhosted.org/packages/c0/90/ee8668e84c5d5cc080ef3beb622c016adf19ca3aa51afe9dbdcc6a9baf59/numpy-2.1.1-cp313-cp313t-manylinux_2_17_x86_64.manylinux2014_x86_64.whl", hash = "sha256:910b47a6d0635ec1bd53b88f86120a52bf56dcc27b51f18c7b4a2e2224c29f0f", size = 16023473, upload-time = "2024-09-03T15:15:20.255Z" },
    { url = "https://files.pythonhosted.org/packages/38/a0/57c24b2131879183051dc698fbb53fd43b77c3fa85b6e6311014f2bc2973/numpy-2.1.1-cp313-cp313t-musllinux_1_1_x86_64.whl", hash = "sha256:13cc11c00000848702322af4de0147ced365c81d66053a67c2e962a485b3717c", size = 16400624, upload-time = "2024-09-03T15:15:45.514Z" },
    { url = "https://files.pythonhosted.org/packages/bb/4c/14a41eb5c9548c6cee6af0936eabfd985c69230ffa2f2598321431a9aa0a/numpy-2.1.1-cp313-cp313t-musllinux_1_2_aarch64.whl", hash = "sha256:53e27293b3a2b661c03f79aa51c3987492bd4641ef933e366e0f9f6c9bf257ec", size = 14155072, upload-time = "2024-09-03T15:16:07.465Z" },
]

[[package]]
name = "packaging"
version = "25.0"
source = { registry = "https://pypi.org/simple" }
sdist = { url = "https://files.pythonhosted.org/packages/a1/d4/1fc4078c65507b51b96ca8f8c3ba19e6a61c8253c72794544580a7b6c24d/packaging-25.0.tar.gz", hash = "sha256:d443872c98d677bf60f6a1f2f8c1cb748e8fe762d2bf9d3148b5599295b0fc4f", size = 165727, upload-time = "2025-04-19T11:48:59.673Z" }
wheels = [
    { url = "https://files.pythonhosted.org/packages/20/12/38679034af332785aac8774540895e234f4d07f7545804097de4b666afd8/packaging-25.0-py3-none-any.whl", hash = "sha256:29572ef2b1f17581046b3a2227d5c611fb25ec70ca1ba8554b24b0e69331a484", size = 66469, upload-time = "2025-04-19T11:48:57.875Z" },
]

[[package]]
name = "pandas"
version = "2.2.2"
source = { registry = "https://pypi.org/simple" }
dependencies = [
    { name = "numpy" },
    { name = "python-dateutil" },
    { name = "pytz" },
    { name = "tzdata" },
]
sdist = { url = "https://files.pythonhosted.org/packages/88/d9/ecf715f34c73ccb1d8ceb82fc01cd1028a65a5f6dbc57bfa6ea155119058/pandas-2.2.2.tar.gz", hash = "sha256:9e79019aba43cb4fda9e4d983f8e88ca0373adbb697ae9c6c43093218de28b54", size = 4398391, upload-time = "2024-04-10T19:45:48.342Z" }

[[package]]
name = "plotly"
version = "5.24.0"
source = { registry = "https://pypi.org/simple" }
dependencies = [
    { name = "packaging" },
    { name = "tenacity" },
]
sdist = { url = "https://files.pythonhosted.org/packages/33/d1/c802129c6e36e32dc549d05008c187c736800be2a521d5d92db9ccf66341/plotly-5.24.0.tar.gz", hash = "sha256:eae9f4f54448682442c92c1e97148e3ad0c52f0cf86306e1b76daba24add554a", size = 9446832, upload-time = "2024-08-29T17:54:48.702Z" }
wheels = [
    { url = "https://files.pythonhosted.org/packages/b3/f6/64fe388089588a0c364b03809443cd628fe0261d1364313fb7aec6bb0ebc/plotly-5.24.0-py3-none-any.whl", hash = "sha256:0e54efe52c8cef899f7daa41be9ed97dfb6be622613a2a8f56a86a0634b2b67e", size = 18996913, upload-time = "2024-08-29T17:54:43.328Z" },
]

[[package]]
name = "pluggy"
version = "1.6.0"
source = { registry = "https://pypi.org/simple" }
sdist = { url = "https://files.pythonhosted.org/packages/f9/e2/3e91f31a7d2b083fe6ef3fa267035b518369d9511ffab804f839851d2779/pluggy-1.6.0.tar.gz", hash = "sha256:7dcc130b76258d33b90f61b658791dede3486c3e6bfb003ee5c9bfb396dd22f3", size = 69412, upload-time = "2025-05-15T12:30:07.975Z" }
wheels = [
    { url = "https://files.pythonhosted.org/packages/54/20/4d324d65cc6d9205fabedc306948156824eb9f0ee1633355a8f7ec5c66bf/pluggy-1.6.0-py3-none-any.whl", hash = "sha256:e920276dd6813095e9377c0bc5566d94c932c33b27a3e3945d8389c374dd4746", size = 20538, upload-time = "2025-05-15T12:30:06.134Z" },
]

[[package]]
name = "pytest"
version = "8.3.4"
source = { registry = "https://pypi.org/simple" }
dependencies = [
    { name = "colorama", marker = "sys_platform == 'win32'" },
    { name = "iniconfig" },
    { name = "packaging" },
    { name = "pluggy" },
]
sdist = { url = "https://files.pythonhosted.org/packages/05/35/30e0d83068951d90a01852cb1cef56e5d8a09d20c7f511634cc2f7e0372a/pytest-8.3.4.tar.gz", hash = "sha256:965370d062bce11e73868e0335abac31b4d3de0e82f4007408d242b4f8610761", size = 1445919, upload-time = "2024-12-01T12:54:25.98Z" }
wheels = [
    { url = "https://files.pythonhosted.org/packages/11/92/76a1c94d3afee238333bc0a42b82935dd8f9cf8ce9e336ff87ee14d9e1cf/pytest-8.3.4-py3-none-any.whl", hash = "sha256:50e16d954148559c9a74109af1eaf0c945ba2d8f30f0a3d3335edde19788b6f6", size = 343083, upload-time = "2024-12-01T12:54:19.735Z" },
]

[[package]]
name = "python-dateutil"
version = "2.9.0.post0"
source = { registry = "https://pypi.org/simple" }
dependencies = [
    { name = "six" },
]
sdist = { url = "https://files.pythonhosted.org/packages/66/c0/0c8b6ad9f17a802ee498c46e004a0eb49bc148f2fd230864601a86dcf6db/python-dateutil-2.9.0.post0.tar.gz", hash = "sha256:37dd54208da7e1cd875388217d5e00ebd4179249f90fb72437e91a35459a0ad3", size = 342432, upload-time = "2024-03-01T18:36:20.211Z" }
wheels = [
    { url = "https://files.pythonhosted.org/packages/ec/57/56b9bcc3c9c6a792fcbaf139543cee77261f3651ca9da0c93f5c1221264b/python_dateutil-2.9.0.post0-py2.py3-none-any.whl", hash = "sha256:a8b2bc7bffae282281c8140a97d3aa9c14da0b136dfe83f850eea9a5f7470427", size = 229892, upload-time = "2024-03-01T18:36:18.57Z" },
]

[[package]]
name = "pytz"
version = "2025.2"
source = { registry = "https://pypi.org/simple" }
sdist = { url = "https://files.pythonhosted.org/packages/f8/bf/abbd3cdfb8fbc7fb3d4d38d320f2441b1e7cbe29be4f23797b4a2b5d8aac/pytz-2025.2.tar.gz", hash = "sha256:360b9e3dbb49a209c21ad61809c7fb453643e048b38924c765813546746e81c3", size = 320884, upload-time = "2025-03-25T02:25:00.538Z" }
wheels = [
    { url = "https://files.pythonhosted.org/packages/81/c4/34e93fe5f5429d7570ec1fa436f1986fb1f00c3e0f43a589fe2bbcd22c3f/pytz-2025.2-py2.py3-none-any.whl", hash = "sha256:5ddf76296dd8c44c26eb8f4b6f35488f3ccbf6fbbd7adee0b7262d43f0ec2f00", size = 509225, upload-time = "2025-03-25T02:24:58.468Z" },
]

[[package]]
name = "pyyaml"
version = "6.0.2"
source = { registry = "https://pypi.org/simple" }
sdist = { url = "https://files.pythonhosted.org/packages/54/ed/79a089b6be93607fa5cdaedf301d7dfb23af5f25c398d5ead2525b063e17/pyyaml-6.0.2.tar.gz", hash = "sha256:d584d9ec91ad65861cc08d42e834324ef890a082e591037abe114850ff7bbc3e", size = 130631, upload-time = "2024-08-06T20:33:50.674Z" }
wheels = [
    { url = "https://files.pythonhosted.org/packages/ef/e3/3af305b830494fa85d95f6d95ef7fa73f2ee1cc8ef5b495c7c3269fb835f/PyYAML-6.0.2-cp313-cp313-macosx_10_13_x86_64.whl", hash = "sha256:efdca5630322a10774e8e98e1af481aad470dd62c3170801852d752aa7a783ba", size = 181309, upload-time = "2024-08-06T20:32:43.4Z" },
    { url = "https://files.pythonhosted.org/packages/45/9f/3b1c20a0b7a3200524eb0076cc027a970d320bd3a6592873c85c92a08731/PyYAML-6.0.2-cp313-cp313-macosx_11_0_arm64.whl", hash = "sha256:50187695423ffe49e2deacb8cd10510bc361faac997de9efef88badc3bb9e2d1", size = 171679, upload-time = "2024-08-06T20:32:44.801Z" },
    { url = "https://files.pythonhosted.org/packages/7c/9a/337322f27005c33bcb656c655fa78325b730324c78620e8328ae28b64d0c/PyYAML-6.0.2-cp313-cp313-manylinux_2_17_aarch64.manylinux2014_aarch64.whl", hash = "sha256:0ffe8360bab4910ef1b9e87fb812d8bc0a308b0d0eef8c8f44e0254ab3b07133", size = 733428, upload-time = "2024-08-06T20:32:46.432Z" },
    { url = "https://files.pythonhosted.org/packages/a3/69/864fbe19e6c18ea3cc196cbe5d392175b4cf3d5d0ac1403ec3f2d237ebb5/PyYAML-6.0.2-cp313-cp313-manylinux_2_17_s390x.manylinux2014_s390x.whl", hash = "sha256:17e311b6c678207928d649faa7cb0d7b4c26a0ba73d41e99c4fff6b6c3276484", size = 763361, upload-time = "2024-08-06T20:32:51.188Z" },
    { url = "https://files.pythonhosted.org/packages/04/24/b7721e4845c2f162d26f50521b825fb061bc0a5afcf9a386840f23ea19fa/PyYAML-6.0.2-cp313-cp313-manylinux_2_17_x86_64.manylinux2014_x86_64.whl", hash = "sha256:70b189594dbe54f75ab3a1acec5f1e3faa7e8cf2f1e08d9b561cb41b845f69d5", size = 759523, upload-time = "2024-08-06T20:32:53.019Z" },
    { url = "https://files.pythonhosted.org/packages/2b/b2/e3234f59ba06559c6ff63c4e10baea10e5e7df868092bf9ab40e5b9c56b6/PyYAML-6.0.2-cp313-cp313-musllinux_1_1_aarch64.whl", hash = "sha256:41e4e3953a79407c794916fa277a82531dd93aad34e29c2a514c2c0c5fe971cc", size = 726660, upload-time = "2024-08-06T20:32:54.708Z" },
    { url = "https://files.pythonhosted.org/packages/fe/0f/25911a9f080464c59fab9027482f822b86bf0608957a5fcc6eaac85aa515/PyYAML-6.0.2-cp313-cp313-musllinux_1_1_x86_64.whl", hash = "sha256:68ccc6023a3400877818152ad9a1033e3db8625d899c72eacb5a668902e4d652", size = 751597, upload-time = "2024-08-06T20:32:56.985Z" },
    { url = "https://files.pythonhosted.org/packages/14/0d/e2c3b43bbce3cf6bd97c840b46088a3031085179e596d4929729d8d68270/PyYAML-6.0.2-cp313-cp313-win32.whl", hash = "sha256:bc2fa7c6b47d6bc618dd7fb02ef6fdedb1090ec036abab80d4681424b84c1183", size = 140527, upload-time = "2024-08-06T20:33:03.001Z" },
    { url = "https://files.pythonhosted.org/packages/fa/de/02b54f42487e3d3c6efb3f89428677074ca7bf43aae402517bc7cca949f3/PyYAML-6.0.2-cp313-cp313-win_amd64.whl", hash = "sha256:8388ee1976c416731879ac16da0aff3f63b286ffdd57cdeb95f3f2e085687563", size = 156446, upload-time = "2024-08-06T20:33:04.33Z" },
]

[[package]]
name = "runit"
version = "0.1.0"
source = { git = "https://github.com/kalhauge/runit.git#88d2418e387cf6ca433fdc59899579d4a5faa65d" }

[[package]]
name = "six"
version = "1.17.0"
source = { registry = "https://pypi.org/simple" }
sdist = { url = "https://files.pythonhosted.org/packages/94/e7/b2c673351809dca68a0e064b6af791aa332cf192da575fd474ed7d6f16a2/six-1.17.0.tar.gz", hash = "sha256:ff70335d468e7eb6ec65b95b99d3a2836546063f63acc5171de367e834932a81", size = 34031, upload-time = "2024-12-04T17:35:28.174Z" }
wheels = [
    { url = "https://files.pythonhosted.org/packages/b7/ce/149a00dd41f10bc29e5921b496af8b574d8413afcd5e30dfa0ed46c2cc5e/six-1.17.0-py2.py3-none-any.whl", hash = "sha256:4721f391ed90541fddacab5acf947aa0d3dc7d27b2e1e8eda2be8970586c3274", size = 11050, upload-time = "2024-12-04T17:35:26.475Z" },
]

[[package]]
name = "sortedcontainers"
version = "2.4.0"
source = { registry = "https://pypi.org/simple" }
sdist = { url = "https://files.pythonhosted.org/packages/e8/c4/ba2f8066cceb6f23394729afe52f3bf7adec04bf9ed2c820b39e19299111/sortedcontainers-2.4.0.tar.gz", hash = "sha256:25caa5a06cc30b6b83d11423433f65d1f9d76c4c6a0c90e3379eaa43b9bfdb88", size = 30594, upload-time = "2021-05-16T22:03:42.897Z" }
wheels = [
    { url = "https://files.pythonhosted.org/packages/32/46/9cb0e58b2deb7f82b84065f37f3bffeb12413f947f9388e4cac22c4621ce/sortedcontainers-2.4.0-py2.py3-none-any.whl", hash = "sha256:a163dcaede0f1c021485e957a39245190e74249897e2ae4b2aa38595db237ee0", size = 29575, upload-time = "2021-05-16T22:03:41.177Z" },
]

[[package]]
name = "tenacity"
version = "9.1.2"
source = { registry = "https://pypi.org/simple" }
sdist = { url = "https://files.pythonhosted.org/packages/0a/d4/2b0cd0fe285e14b36db076e78c93766ff1d529d70408bd1d2a5a84f1d929/tenacity-9.1.2.tar.gz", hash = "sha256:1169d376c297e7de388d18b4481760d478b0e99a777cad3a9c86e556f4b697cb", size = 48036, upload-time = "2025-04-02T08:25:09.966Z" }
wheels = [
    { url = "https://files.pythonhosted.org/packages/e5/30/643397144bfbfec6f6ef821f36f33e57d35946c44a2352d3c9f0ae847619/tenacity-9.1.2-py3-none-any.whl", hash = "sha256:f77bf36710d8b73a50b2dd155c97b870017ad21afe6ab300326b0371b3b05138", size = 28248, upload-time = "2025-04-02T08:25:07.678Z" },
]

[[package]]
name = "tzdata"
version = "2025.2"
source = { registry = "https://pypi.org/simple" }
sdist = { url = "https://files.pythonhosted.org/packages/95/32/1a225d6164441be760d75c2c42e2780dc0873fe382da3e98a2e1e48361e5/tzdata-2025.2.tar.gz", hash = "sha256:b60a638fcc0daffadf82fe0f57e53d06bdec2f36c4df66280ae79bce6bd6f2b9", size = 196380, upload-time = "2025-03-23T13:54:43.652Z" }
wheels = [
    { url = "https://files.pythonhosted.org/packages/5c/23/c7abc0ca0a1526a0774eca151daeb8de62ec457e77262b66b359c3c7679e/tzdata-2025.2-py2.py3-none-any.whl", hash = "sha256:1a403fada01ff9221ca8044d701868fa132215d84beb92242d9acd2147f667a8", size = 347839, upload-time = "2025-03-23T13:54:41.845Z" },
]

[[package]]
name = "win32-setctime"
version = "1.2.0"
source = { registry = "https://pypi.org/simple" }
sdist = { url = "https://files.pythonhosted.org/packages/b3/8f/705086c9d734d3b663af0e9bb3d4de6578d08f46b1b101c2442fd9aecaa2/win32_setctime-1.2.0.tar.gz", hash = "sha256:ae1fdf948f5640aae05c511ade119313fb6a30d7eabe25fef9764dca5873c4c0", size = 4867, upload-time = "2024-12-07T15:28:28.314Z" }
wheels = [
    { url = "https://files.pythonhosted.org/packages/e1/07/c6fe3ad3e685340704d314d765b7912993bcb8dc198f0e7a89382d37974b/win32_setctime-1.2.0-py3-none-any.whl", hash = "sha256:95d644c4e708aba81dc3704a116d8cbc974d70b3bdb8be1d150e36be6e9d1390", size = 4083, upload-time = "2024-12-07T15:28:26.465Z" },
]
